dependencies:
- name: redis
  repository: https://charts.bitnami.com/bitnami
  version: 15.3.2
- name: mysql
  repository: https://charts.bitnami.com/bitnami
  version: 8.8.12
digest: sha256:143c65475bf3e54c68944d30a05ea8f4569b35defa617f243523b84cf5b3cebb
generated: "2021-11-25T16:05:13.6160517+08:00"
